
Microsoft Visual Studio Solution File, Format Version 12.00
# Visual Studio 15
VisualStudioVersion = 15.0.27130.2010
MinimumVisualStudioVersion = 10.0.40219.1
Project("{FAE04EC0-301F-11D3-BF4B-00C04F79EFBC}") = "ATMApp", "ATMApp\ATMApp.csproj", "{57C5CD3A-7946-4900-A0AC-12F37630C45F}"
EndProject
Global
	GlobalSection(SolutionConfigurationPlatforms) = preSolution
		Debug|Any CPU = Debug|Any CPU
		Release|Any CPU = Release|Any CPU
	EndGlobalSection
	GlobalSection(ProjectConfigurationPlatforms) = postSolution
		{57C5CD3A-7946-4900-A0AC-12F37630C45F}.Debug|Any CPU.ActiveCfg = Debug|Any CPU
		{57C5CD3A-7946-4900-A0AC-12F37630C45F}.Debug|Any CPU.Build.0 = Debug|Any CPU
		{57C5CD3A-7946-4900-A0AC-12F37630C45F}.Release|Any CPU.ActiveCfg = Release|Any CPU
		{57C5CD3A-7946-4900-A0AC-12F37630C45F}.Release|Any CPU.Build.0 = Release|Any CPU
	EndGlobalSection
	GlobalSection(SolutionProperties) = preSolution
		HideSolutionNode = FALSE
	EndGlobalSection
	GlobalSection(ExtensibilityGlobals) = postSolution
		SolutionGuid = {048ED966-7B0D-4C96-8F9B-E8911E34C9F6}
	EndGlobalSection
EndGlobal
